
Microsoft Visual Studio Solution File, Format Version 12.00
Project("{FAE04EC0-301F-11D3-BF4B-00C04F79EFBC}") = "MySecondProject", "MySecondProject\MySecondProject.csproj", "{6840572E-069C-46AE-A22D-D51517E2786E}"
EndProject
Global
	GlobalSection(SolutionConfigurationPlatforms) = preSolution
		Debug|Any CPU = Debug|Any CPU
		Release|Any CPU = Release|Any CPU
	EndGlobalSection
	GlobalSection(ProjectConfigurationPlatforms) = postSolution
		{6840572E-069C-46AE-A22D-D51517E2786E}.Debug|Any CPU.ActiveCfg = Debug|Any CPU
		{6840572E-069C-46AE-A22D-D51517E2786E}.Debug|Any CPU.Build.0 = Debug|Any CPU
		{6840572E-069C-46AE-A22D-D51517E2786E}.Release|Any CPU.ActiveCfg = Release|Any CPU
		{6840572E-069C-46AE-A22D-D51517E2786E}.Release|Any CPU.Build.0 = Release|Any CPU
	EndGlobalSection
EndGlobal
